
Microsoft Visual Studio Solution File, Format Version 12.00
# Visual Studio Version 16
VisualStudioVersion = 16.0.31005.135
MinimumVisualStudioVersion = 10.0.40219.1
Project("{FAE04EC0-301F-11D3-BF4B-00C04F79EFBC}") = "Laba_4", "Laba_4\Laba_4.csproj", "{6E8EB768-B888-469E-8477-F2AEB2DC6851}"
EndProject
Global
	GlobalSection(SolutionConfigurationPlatforms) = preSolution
		Debug|Any CPU = Debug|Any CPU
		Release|Any CPU = Release|Any CPU
	EndGlobalSection
	GlobalSection(ProjectConfigurationPlatforms) = postSolution
		{6E8EB768-B888-469E-8477-F2AEB2DC6851}.Debug|Any CPU.ActiveCfg = Debug|Any CPU
		{6E8EB768-B888-469E-8477-F2AEB2DC6851}.Debug|Any CPU.Build.0 = Debug|Any CPU
		{6E8EB768-B888-469E-8477-F2AEB2DC6851}.Release|Any CPU.ActiveCfg = Release|Any CPU
		{6E8EB768-B888-469E-8477-F2AEB2DC6851}.Release|Any CPU.Build.0 = Release|Any CPU
	EndGlobalSection
	GlobalSection(SolutionProperties) = preSolution
		HideSolutionNode = FALSE
	EndGlobalSection
	GlobalSection(ExtensibilityGlobals) = postSolution
		SolutionGuid = {FDD67F4A-0FD5-4B51-9A99-E52CF8A238BB}
	EndGlobalSection
EndGlobal
